{
  "name": "morse",
  "lockfileVersion": 2,
  "requires": true,
  "packages": {
    "": {
      "dependencies": {
        "@gear4s/random-words": "*"
      }
    },
    "node_modules/@gear4s/random-words": {
      "version": "0.0.2-1",
      "resolved": "https://registry.npmjs.org/@gear4s/random-words/-/random-words-0.0.2-1.tgz",
      "integrity": "sha512-hFbxc6CXjwQ/hxxhuoXsSZ0lOlOg7v4av7m2BakDZMvh1ds3/xaQm3dk+Kl13kWPmLGmHEEgQEt5RcTyMOkwtA=="
    }
  },
  "dependencies": {
    "@gear4s/random-words": {
      "version": "0.0.2-1",
      "resolved": "https://registry.npmjs.org/@gear4s/random-words/-/random-words-0.0.2-1.tgz",
      "integrity": "sha512-hFbxc6CXjwQ/hxxhuoXsSZ0lOlOg7v4av7m2BakDZMvh1ds3/xaQm3dk+Kl13kWPmLGmHEEgQEt5RcTyMOkwtA=="
    }
  }
}
